{
    "_readme": [
        "This file locks the dependencies of your project to a known state",
        "Read more about it at https://getcomposer.org/doc/01-basic-usage.md#composer-lock-the-lock-file",
        "This file is @generated automatically"
    ],
    "hash": "92c0b69774aa8eb63b8bf4415b50f202",
    "content-hash": "f5642615d7ce40605654ae4675fb5240",
    "packages": [
        {
            "name": "mhndev/csv",
            "version": "1.2",
            "source": {
                "type": "git",
                "url": "https://github.com/mhndev/csv.git",
                "reference": "5665778689da7bddbb5708f6693c335a15eeb4c5"
            },
            "dist": {
                "type": "zip",
                "url": "https://api.github.com/repos/mhndev/csv/zipball/5665778689da7bddbb5708f6693c335a15eeb4c5",
                "reference": "5665778689da7bddbb5708f6693c335a15eeb4c5",
                "shasum": ""
            },
            "require": {
                "php": ">=5.4.0"
            },
            "require-dev": {
                "mikey179/vfsstream": "1.3.*",
                "phpunit/phpunit": "~4.0"
            },
            "type": "library",
            "autoload": {
                "psr-4": {
                    "mhndev\\csv\\": "src/"
                }
            },
            "notification-url": "https://packagist.org/downloads/",
            "license": [
                "BSD Style"
            ],
            "authors": [
                {
                    "name": "Majid Abdolhosseini",
                    "email": "majid8911303@gmail.com",
                    "homepage": "http://mhndev.com"
                }
            ],
            "description": "library for working with csv",
            "homepage": "http://github.com/mhndev/csv",
            "keywords": [
                "csv",
                "csv library",
                "csv manipulation"
            ],
            "time": "2016-05-19 16:32:34"
        },
        {
            "name": "mhndev/nano-framework",
            "version": "dev-develop",
            "source": {
                "type": "git",
                "url": "https://github.com/mhndev/NanoFramework.git",
                "reference": "0951d717758b45439bfe97c305854c57c5a5a316"
            },
            "dist": {
                "type": "zip",
                "url": "https://api.github.com/repos/mhndev/NanoFramework/zipball/0951d717758b45439bfe97c305854c57c5a5a316",
                "reference": "0951d717758b45439bfe97c305854c57c5a5a316",
                "shasum": ""
            },
            "require": {
                "php": ">=5.4.0"
            },
            "type": "library",
            "autoload": {
                "psr-4": {
                    "mhndev\\NanoFramework\\": "src/"
                }
            },
            "notification-url": "https://packagist.org/downloads/",
            "license": [
                "BSD Style"
            ],
            "authors": [
                {
                    "name": "Majid Abdolhosseini",
                    "email": "majid8911303@gmail.com",
                    "homepage": "http://mhndev.com"
                }
            ],
            "description": "simple and small php framework to do small projects and also for answering to learning of what is a php framework?",
            "homepage": "http://github.com/mhndev/nano-framework",
            "keywords": [
                "MVC Framework",
                "micro framework",
                "mini framework",
                "nano framework",
                "php framework"
            ],
            "time": "2016-05-20 20:48:30"
        }
    ],
    "packages-dev": [],
    "aliases": [],
    "minimum-stability": "dev",
    "stability-flags": {
        "mhndev/nano-framework": 20
    },
    "prefer-stable": false,
    "prefer-lowest": false,
    "platform": {
        "php": ">=5.4.0"
    },
    "platform-dev": []
}
